
{
  "name": "functions",
  "version": "1.0.0",
  "lockfileVersion": 2,
  "requires": true,
  "packages": {
    "": {
      "name": "functions",
      "version": "1.0.0",
      "dependencies": {
        "firebase-admin": "^12.0.0",
        "firebase-functions": "^4.9.0"
      },
      "devDependencies": {
        "@typescript-eslint/eslint-plugin": "^5.12.0",
        "@typescript-eslint/parser": "^5.12.0",
        "eslint": "^8.9.0",
        "eslint-config-google": "^0.14.0",
        "eslint-plugin-import": "^2.25.4",
        "firebase-functions-test": "^3.2.0",
        "typescript": "^5.0.0"
      },
      "engines": {
        "node": "18"
      }
    },
    "node_modules/@eslint-community/eslint-utils": {
      "version": "4.4.0",
      "resolved": "https://registry.npmjs.org/@eslint-community/eslint-utils/-/eslint-utils-4.4.0.tgz",
      "integrity": "sha512-1/sA4dMmaSDZou+tS22O/v3mQH2S3e1sC93v13hDqPkd3i32X1iILnz1g1c/s+wLd/y3x3s7xTf13K+t2K+AQ==",
      "dev": true,
      "dependencies": {
        "eslint-visitor-keys": "^3.3.0"
      },
      "engines": {
        "node": "^12.22.0 || ^14.17.0 || >=16.0.0"
      }
    },
    "node_modules/@eslint-community/regexpp": {
      "version": "4.10.0",
      "resolved": "https://registry.npmjs.org/@eslint-community/regexpp/-/regexpp-4.10.0.tgz",
      "integrity": "sha512-A2D3t4da3vK4x1j3hGgQz1tA5s2f+f1s+N2p+bYg1t+mJGw1z+yQz1v1j/k+S4g+k4A+3QcRkZ/vGg==",
      "dev": true,
      "engines": {
        "node": "^12.22.0 || ^14.17.0 || >=16.0.0"
      }
    },
    "node_modules/@eslint/eslintrc": {
      "version": "2.1.4",
      "resolved": "https://registry.npmjs.org/@eslint/eslintrc/-/eslintrc-2.1.4.tgz",
      "integrity": "sha512-269Z3m6D5a6i1i3t3v/d3aR+s+d1b/yvjS2Nxtv3sA0+gL+2cO/i3/gG2m1b1wS+h3vB6h3sCls4Axg==",
      "dev": true,
      "dependencies": {
        "ajv": "^6.12.4",
        "debug": "^4.3.2",
        "espree": "^9.6.1",
        "glob-parent": "^5.1.2",
        "ignore": "^5.2.0",
        "import-fresh": "^3.2.1",
        "js-yaml": "^4.1.0",
        "minimatch": "^3.1.2",
        "strip-json-comments": "^3.1.1"
      },
      "engines": {
        "node": "^12.22.0 || ^14.17.0 || >=16.0.0"
      },
      "funding": {
        "url": "https://opencollective.com/eslint"
      }
    },
    "node_modules/@eslint/js": {
      "version": "8.57.0",
      "resolved": "https://registry.npmjs.org/@eslint/js/-/js-8.57.0.tgz",
      "integrity": "sha512-sV+hVp3/fA2p3i0j2q3aWf5S3oT9s30xM3/d4zNewp+p2p/d/x3xR/1tT/aAtya1hUa2v2g/5gZtV4A==",
      "dev": true,
      "engines": {
        "node": "^12.22.0 || ^14.17.0 || >=16.0.0"
      }
    },
    "node_modules/@firebase/app-check-interop-types": {
      "version": "0.1.2",
      "resolved": "https://registry.npmjs.org/@firebase/app-check-interop-types/-/app-check-interop-types-0.1.2.tgz",
      "integrity": "sha512-Y1yJbLhPewv33iB1yH5iA1vo5formatAfsM0/zKz/n1fD5yH5kL/x/JdDk3F9fC+/iX+ama3oA4S2Muo4Gj6qg==",
      "peer": true
    },
    "node_modules/@firebase/app-types": {
      "version": "0.9.1",
      "resolved": "https://registry.npmjs.org/@firebase/app-types/-/app-types-0.9.1.tgz",
      "integrity": "sha512-n2Kb+4Xj/sM2s/9w/aDj1i4i0+s2y22H3s3v1s/1/D9l/s5I/b/s7g1x+mfgx/1d1/XnFvT4sX+sA==",
      "peer": true
    },
    "node_modules/@firebase/auth-interop-types": {
      "version": "0.1.6",
      "resolved": "https://registry.npmjs.org/@firebase/auth-interop-types/-/auth-interop-types-0.1.6.tgz",
      "integrity": "sha512-m3s2qYy3t1j3nO3aJd1yXyRBXqfYaWwS3yWvsHhPWBh03wzS4w/f1b80hJz9pGj9hYj11tHOrs9LdM2/Ag==",
      "peer": true
    },
    "node_modules/@firebase/component": {
      "version": "0.6.4",
      "resolved": "https://registry.npmjs.org/@firebase/component/-/component-0.6.4.tgz",
      "integrity": "sha512-g3s233n2h9l+m8b+z3c10R1u/b1gN4s/hS2p2d9c4x3p3Y1/D+d3i7i4sJk2d4wuL/a3k/tHqg0NQ==",
      "dependencies": {
        "@firebase/util": "1.9.3",
        "tslib": "2.6.2"
      }
    },
    "node_modules/@firebase/database": {
      "version": "0.14.7",
      "resolved": "https://registry.npmjs.org/@firebase/database/-/database-0.14.7.tgz",
      "integrity": "sha512-K7cWvC5GvGzCgS3m7nNRe1m/1PzQ6vGQN5iGzLw2vY3a5dM5U9g+z/jY/n4C5uN5DCAgHhJv2b1vjw==",
      "dependencies": {
        "@firebase/component": "0.6.4",
        "@firebase/database-types": "0.10.0",
        "@firebase/logger": "0.4.0",
        "@firebase/util": "1.9.3",
        "faye-websocket": "0.11.4",
        "tslib": "2.6.2"
      }
    },
    "node_modules/@firebase/database-compat": {
      "version": "0.4.3",
      "resolved": "https://registry.npmjs.org/@firebase/database-compat/-/database-compat-0.4.3.tgz",
      "integrity": "sha512-R5S8r5wX6rX/8s0hYfKkgF7zW3+mQj9E2dI0L9iO9UqwGk++GIZlq0+nB6wA6z2T5pC+BGHvE7tQbg==",
      "dependencies": {
        "@firebase/component": "0.6.4",
        "@firebase/database": "0.14.7",
        "@firebase/database-types": "0.10.0",
        "@firebase/util": "1.9.3",
        "tslib": "2.6.2"
      },
      "peerDependencies": {
        "@firebase/app-compat": "0.x"
      }
    },
    "node_modules/@firebase/database-types": {
      "version": "0.10.0",
      "resolved": "https://registry.npmjs.org/@firebase/database-types/-/database-types-0.10.0.tgz",
      "integrity": "sha512-X0yPjCrxGg+xPJrBv3xL9vj5FF580gGmAP1p8FNw9wVlIqwB/gT//hA5jWdloB7nuiM1S7XjI9v/s0WKgX+2w=="
    },
    "node_modules/@firebase/logger": {
      "version": "0.4.0",
      "resolved": "https://registry.npmjs.org/@firebase/logger/-/logger-0.4.0.tgz",
      "integrity": "sha512-n2D63qD3v1s//eQG3a1s3c1bC5iXjVveA4wSjVb4z3z32m31xK9v/9+w3/v3v4m3f4e2Mv5/uABoEw=="
    },
    "node_modules/@firebase/util": {
      "version": "1.9.3",
      "resolved": "https://registry.npmjs.org/@firebase/util/-/util-1.9.3.tgz",
      "integrity": "sha512-IuMU2s+A3gS4f/vP5yF4u3g4jG2a//d2Fhzy2/1nTMJ+h+hKkG2+rJmNn2+HhGfrf8s3Dk+tV33r0w=="
    },
    "node_modules/@humanwhocodes/config-array": {
      "version": "0.11.14",
      "resolved": "https://registry.npmjs.org/@humanwhocodes/config-array/-/config-array-0.11.14.tgz",
      "integrity": "sha512-3T86sW/static/b/i0+b+j+j+p3/3bbd/m/g+b3c3c1e2h/b2z2c1a+D+f+hT8v/wX03/n2x4y41P2g==",
      "dev": true,
      "dependencies": {
        "@humanwhocodes/object-schema": "^2.0.3",
        "debug": "^4.1.1",
        "minimatch": "^3.0.4"
      },
      "engines": {
        "node": ">=10.10.0"
      }
    },
    "node_modules/@humanwhocodes/module-importer": {
      "version": "1.0.1",
      "resolved": "https://registry.npmjs.org/@humanwhocodes/module-importer/-/module-importer-1.0.1.tgz",
      "integrity": "sha512-imZgAyhRf0D/o4b2bA3v3+f/i/y1H4h/iRequire/1a+Vf7xKkM2S+X5s3i9DqXvjNk/dJgnmHnN9KzSg==",
      "dev": true,
      "engines": {
        "node": ">=12.22.0"
      },
      "funding": {
        "type": "nfp",
        "url": "https://humanwhocodes.com/donate"
      }
    },
    "node_modules/@humanwhocodes/object-schema": {
      "version": "2.0.3",
      "resolved": "https://registry.npmjs.org/@humanwhocodes/object-schema/-/object-schema-2.0.3.tgz",
      "integrity": "sha512-332bv0a2n/v4h4gce1n1uC2PLd2/11y6N6A3s+0z14lM6+g/C7sPXdWyqOC2rCg4vG/z5+fLvS+z7A==",
      "dev": true
    },
    "node_modules/@nodelib/fs.scandir": {
      "version": "2.1.5",
      "resolved": "https://registry.npmjs.org/@nodelib/fs.scandir/-/fs.scandir-2.1.5.tgz",
      "integrity": "sha512-vq24Bq3ym5HEQm2NKCr2+4d93i3e+wA0/v1N2/fVyW3q/1t/p/v6P0+F/r1N+xd3i21K1Tde/v+i3w==",
      "dev": true,
      "dependencies": {
        "@nodelib/fs.stat": "2.0.5",
        "run-parallel": "^1.2.0"
      },
      "engines": {
        "node": ">= 8"
      }
    },
    "node_modules/@nodelib/fs.stat": {
      "version": "2.0.5",
      "resolved": "https://registry.npmjs.org/@nodelib/fs.stat/-/fs.stat-2.0.5.tgz",
      "integrity": "sha512-RkhPPp2zrqDAQA/2jNhnztcPAlv3MyL2a7YgC1jMGeSssKwsBvTrHn7hVdOu+v4ZuCCSD24Om3vecSqg==",
      "dev": true,
      "engines": {
        "node": ">= 8"
      }
    },
    "node_modules/@nodelib/fs.walk": {
      "version": "1.2.8",
      "resolved": "https://registry.npmjs.org/@nodelib/fs.walk/-/fs.walk-1.2.8.tgz",
      "integrity": "sha512-o+y/brand/s/p1xAnnx7m+K/i+eW1q/fD1g/m63s1s/9s93s12s1c+6t3j9s+g/9s/f1n+m/g+q/z==",
      "dev": true,
      "dependencies": {
        "@nodelib/fs.scandir": "2.1.5",
        "fastq": "^1.13.0"
      },
      "engines": {
        "node": ">= 8"
      }
    },
    "node_modules/@sinonjs/commons": {
      "version": "1.8.6",
      "resolved": "https://registry.npmjs.org/@sinonjs/commons/-/commons-1.8.6.tgz",
      "integrity": "sha512-Ky+XzOa2m/0L3tA//b7f/Wl1/y4b4eWell/2/3aJt3kSjJdC9hR+xYc1vjTq3D53Vj5w/itAPdC3/i5Gug==",
      "dev": true,
      "dependencies": {
        "type-detect": "4.0.8"
      }
    },
    "node_modules/@sinonjs/fake-timers": {
      "version": "9.1.2",
      "resolved": "https://registry.npmjs.org/@sinonjs/fake-timers/-/fake-timers-9.1.2.tgz",
      "integrity": "sha512-s/a/Xbxqc0h3xM3x31Cg4z3s3v3vXm3y3c5W/GZE3wJmyUTHb3g9u1eM8A7kIs+b7sI3iCg0zQ2o/+f+J/Yg==",
      "dev": true,
      "dependencies": {
        "@sinonjs/commons": "^1.7.0"
      }
    },
    "node_modules/@sinonjs/samsam": {
      "version": "6.0.4",
      "resolved": "https://registry.npmjs.org/@sinonjs/samsam/-/samsam-6.0.4.tgz",
      "integrity": "sha512-jA+jLhW4C5+w2fC3wLg6eSgLg/8oGz0R5D6A4mC/MSo/gIu4Bv1a/kHwHwP1fWvj1VzVbY/5GfXGw==",
      "dev": true,
      "dependencies": {
        "@sinonjs/commons": "^1.8.1",
        "lodash.get": "^4.4.2",
        "lodash.isarguments": "^3.1.0",
        "lodash.isarray": "^4.0.0",
        "lodash.isequal": "^4.5.0",
        "lodash.isfunction": "^3.0.9",
        "lodash.isobject": "^3.0.2",
        "lodash.isregexp": "^3.1.1",
        "lodash.isstring": "^4.0.1",
        "lodash.keys": "^4.2.0"
      }
    },
    "node_modules/@types/json-schema": {
      "version": "7.0.15",
      "resolved": "https://registry.npmjs.org/@types/json-schema/-/json-schema-7.0.15.tgz",
      "integrity": "sha512-5A/sNg1v3sX6n1Jv/pHowMichael/gWJz3yJd4s/yVv1g3sWl/s+h/pT/a/i/g+gA/g/g+gA/g==",
      "dev": true
    },
    "node_modules/@types/node": {
      "version": "18.19.41",
      "resolved": "https://registry.npmjs.org/@types/node/-/node-18.19.41.tgz",
      "integrity": "sha512-v9y3ZzUCTv+NCanD3a4vYv//9/sY2+k/bJ+i2g7s/z/Vz/2/g+gA/g+gA/g+gA/g==",
      "dev": true,
      "dependencies": {
        "undici-types": "~5.26.4"
      }
    },
_TRUNCATED_
}
