{
  "name": "functions",
  "version": "1.0.0",
  "lockfileVersion": 3,
  "requires": true,
  "packages": {
    "": {
      "name": "functions",
      "version": "1.0.0",
      "license": "ISC",
      "dependencies": {
        "firebase-admin": "^12.0.0",
        "firebase-functions": "^4.9.0"
      },
      "devDependencies": {
        "firebase-functions-test": "^3.2.0",
        "typescript": "^5.0.0"
      },
      "engines": {
        "node": "18"
      }
    },
    "node_modules/@types/node": {
      "version": "20.14.9",
      "resolved": "https://registry.npmjs.org/@types/node/-/node-20.14.9.tgz",
      "integrity": "sha512-06PjeiJdH1oOA1ZJUB1w9L6H+tJ2xDRassg2VRYg+H1i0w93G+dJ425X5Xj2yfrN2a5QO2mYv1uDkP1F8M9gJw==",
      "dev": true,
      "dependencies": {
        "undici-types": "~5.26.4"
      }
    },
    "node_modules/@types/undici-types": {
      "version": "5.26.5",
      "resolved": "https://registry.npmjs.org/@types/undici-types/-/undici-types-5.26.5.tgz",
      "integrity": "sha512-nHp3FY3r+fH3/YVo2b4rJiJdHyR3a2Dmyc26h3L+3cX4j4bY2Ch2B4/yJ2yH8+A5g79Dbl59alYLcPo+SOXzQg==",
      "dev": true
    },
    "node_modules/firebase-admin": {
      "version": "12.2.0",
      "resolved": "https://registry.npmjs.org/firebase-admin/-/firebase-admin-12.2.0.tgz",
      "integrity": "sha512-sH5hX9G42fTPxX3iO81iA2G5iZ4K9m94aQOqfX9bYA1dPbR00Lg+Wez10tG/5I4D2l2AINGPqsndk2C0f0v1gQ==",
      "dependencies": {
        "@firebase/database-compat": "1.0.5",
        "gaxios": "^6.7.0",
        "google-auth-library": "^9.11.0",
        "jose": "^4.14.4",
        "jsonwebtoken": "^9.0.2",
        "long": "^4.0.0"
      },
      "engines": {
        "node": ">=18.0"
      }
    },
    "node_modules/firebase-functions": {
      "version": "4.9.0",
      "resolved": "https://registry.npmjs.org/firebase-functions/-/firebase-functions-4.9.0.tgz",
      "integrity": "sha512-jD3avIqthqH2JDN1NSkDSiC82sTh7xQ/0uTq7ivQ3pW2Wvj/yW2cI5v+ssiB7Es9dFkKAGb1zM3jY2T2rA6bUg==",
      "dependencies": {
        "cloudevents": "8.0.0",
        "cors": "^2.8.5",
        "express": "^4.18.2",
        "glob": "7.2.3",
        "lodash": "4.17.21"
      },
      "engines": {
        "node": ">=16.0.0"
      },
      "peerDependencies": {
        "firebase-admin": ">=12.0.0"
      }
    },
    "node_modules/firebase-functions-test": {
      "version": "3.3.0",
      "resolved": "https://registry.npmjs.org/firebase-functions-test/-/firebase-functions-test-3.3.0.tgz",
      "integrity": "sha512-yO00V9U3cDOa5BmmC4Cj2awQftK6r2wSPBdZ6Uu62cajvjBQP69FhO/Fm1B+3I2OFG3B+XwFkFhV/r2lCzx2oQ==",
      "dev": true,
      "dependencies": {
        "chai": "^4.3.7",
        "chai-as-promised": "^7.1.1",
        "lodash.clonedeep": "^4.5.0",
        "lodash.get": "^4.4.2",
        "lodash.set": "^4.3.2",
        "mocha": "^10.2.0",
        "sinon": "^15.2.0"
      },
      "engines": {
        "node": ">=8.0.0"
      },
      "peerDependencies": {
        "firebase-admin": ">=8.0.0",
        "firebase-functions": ">=3.0.0"
      }
    },
    "node_modules/typescript": {
      "version": "5.5.2",
      "resolved": "https://registry.npmjs.org/typescript/-/typescript-5.5.2.tgz",
      "integrity": "sha512-NcRtPEOsP9LSOwO8RLd+20G4iES3pSr+oD3wzG/j1b3A6o2g1v/T3xz3pW4A0Oq8F2xM8wJd73bV5yA3kI61g==",
      "dev": true,
      "bin": {
        "tsc": "bin/tsc",
        "tsserver": "bin/tsserver"
      },
      "engines": {
        "node": ">=14.17"
      }
    }
  }
}
