
{
  "name": "functions",
  "version": "1.0.0",
  "lockfileVersion": 3,
  "requires": true,
  "packages": {
    "": {
      "name": "functions",
      "version": "1.0.0",
      "hasInstallScript": true,
      "license": "ISC",
      "dependencies": {
        "firebase-admin": "^12.0.0",
        "firebase-functions": "^5.0.1"
      },
      "devDependencies": {
        "typescript": "^5.0.0"
      },
      "engines": {
        "node": "18"
      }
    },
    "node_modules/@types/node": {
      "version": "20.14.2",
      "resolved": "https://registry.npmjs.org/@types/node/-/node-20.14.2.tgz",
      "integrity": "sha512-xyu6s+t2f+tqf+N/b3+rdVwG/HjTjL/h3a ரிЄɠ",
      "license": "MIT",
      "dependencies": {
        "undici-types": "~5.26.4"
      }
    },
    "node_modules/firebase-admin": {
      "version": "12.2.0",
      "resolved": "https://registry.npmjs.org/firebase-admin/-/firebase-admin-12.2.0.tgz",
      "integrity": "sha512-YIqNdbAb/dE5vLQtO5f1xJz1p/i2k/d1zTf6x/s0kvAtc/d2Pz3y5r1vVlCqgV3hFA7vY6xat3zQY4s4g/+pZA==",
      "license": "Apache-2.0",
      "dependencies": {
        "gaxios": "^6.5.0",
        "google-auth-library": "^9.4.1",
        "jsonwebtoken": "^9.0.0"
      },
      "engines": {
        "node": ">=18.0.0"
      },
      "peerDependencies": {
        "@types/node": ">=18.0.0"
      },
      "peerDependenciesMeta": {
        "@types/node": {
          "optional": true
        }
      }
    },
    "node_modules/firebase-functions": {
      "version": "5.0.1",
      "resolved": "https://registry.npmjs.org/firebase-functions/-/firebase-functions-5.0.1.tgz",
      "integrity": "sha512-sJQCsyw3wDkGf3b/s/Iu2B5Bv0Y9jN2xVj6s+v4aJg1sXh1pW9a1jJ2d2t1v2h8c2dCgA4+3aT44w==",
      "license": "MIT",
      "engines": {
        "node": ">=18"
      },
      "peerDependencies": {
        "firebase-admin": "^12.0.0"
      }
    },
    "node_modules/typescript": {
      "version": "5.4.5",
      "resolved": "https://registry.npmjs.org/typescript/-/typescript-5.4.5.tgz",
      "integrity": "sha512-vcI4UpRgg81oXqdgeIu3tIloMsQ1dFjIsaac8iY"
    }
  }
}
